
Microsoft Visual Studio Solution File, Format Version 12.00
# Visual Studio Version 16
VisualStudioVersion = 16.0.31729.503
MinimumVisualStudioVersion = 10.0.40219.1
Project("{FAE04EC0-301F-11D3-BF4B-00C04F79EFBC}") = "Nhom05_QLDL", "Nhom05_QLDL\Nhom05_QLDL.csproj", "{62CDDA9A-4854-41AC-B84F-5C71BCA9A018}"
EndProject
Project("{FAE04EC0-301F-11D3-BF4B-00C04F79EFBC}") = "Nhom05_QLDL.Tests", "Nhom05_QLDL.Tests\Nhom05_QLDL.Tests.csproj", "{FE939747-5256-4C18-9021-E41169FD3275}"
EndProject
Project("{FAE04EC0-301F-11D3-BF4B-00C04F79EFBC}") = "Model", "Model\Model.csproj", "{4512E0D5-906A-438A-9CEE-CE502E4BD778}"
EndProject
Global
	GlobalSection(SolutionConfigurationPlatforms) = preSolution
		Debug|Any CPU = Debug|Any CPU
		Release|Any CPU = Release|Any CPU
	EndGlobalSection
	GlobalSection(ProjectConfigurationPlatforms) = postSolution
		{62CDDA9A-4854-41AC-B84F-5C71BCA9A018}.Debug|Any CPU.ActiveCfg = Debug|Any CPU
		{62CDDA9A-4854-41AC-B84F-5C71BCA9A018}.Debug|Any CPU.Build.0 = Debug|Any CPU
		{62CDDA9A-4854-41AC-B84F-5C71BCA9A018}.Release|Any CPU.ActiveCfg = Release|Any CPU
		{62CDDA9A-4854-41AC-B84F-5C71BCA9A018}.Release|Any CPU.Build.0 = Release|Any CPU
		{FE939747-5256-4C18-9021-E41169FD3275}.Debug|Any CPU.ActiveCfg = Debug|Any CPU
		{FE939747-5256-4C18-9021-E41169FD3275}.Debug|Any CPU.Build.0 = Debug|Any CPU
		{FE939747-5256-4C18-9021-E41169FD3275}.Release|Any CPU.ActiveCfg = Release|Any CPU
		{FE939747-5256-4C18-9021-E41169FD3275}.Release|Any CPU.Build.0 = Release|Any CPU
		{4512E0D5-906A-438A-9CEE-CE502E4BD778}.Debug|Any CPU.ActiveCfg = Debug|Any CPU
		{4512E0D5-906A-438A-9CEE-CE502E4BD778}.Debug|Any CPU.Build.0 = Debug|Any CPU
		{4512E0D5-906A-438A-9CEE-CE502E4BD778}.Release|Any CPU.ActiveCfg = Release|Any CPU
		{4512E0D5-906A-438A-9CEE-CE502E4BD778}.Release|Any CPU.Build.0 = Release|Any CPU
	EndGlobalSection
	GlobalSection(SolutionProperties) = preSolution
		HideSolutionNode = FALSE
	EndGlobalSection
	GlobalSection(ExtensibilityGlobals) = postSolution
		SolutionGuid = {BD8AE75E-3AF0-4DD3-BFF6-AC7547DA0E50}
	EndGlobalSection
EndGlobal
